
Microsoft Visual Studio Solution File, Format Version 12.00
# Blend for Visual Studio Version 16
VisualStudioVersion = 16.0.31005.135
MinimumVisualStudioVersion = 10.0.40219.1
Project("{FAE04EC0-301F-11D3-BF4B-00C04F79EFBC}") = "PaintMVPByMe", "PaintMVPByMe\PaintMVPByMe.csproj", "{10376065-A0DF-4901-A596-7D872662A00D}"
EndProject
Global
	GlobalSection(SolutionConfigurationPlatforms) = preSolution
		Debug|Any CPU = Debug|Any CPU
		Release|Any CPU = Release|Any CPU
	EndGlobalSection
	GlobalSection(ProjectConfigurationPlatforms) = postSolution
		{10376065-A0DF-4901-A596-7D872662A00D}.Debug|Any CPU.ActiveCfg = Debug|Any CPU
		{10376065-A0DF-4901-A596-7D872662A00D}.Debug|Any CPU.Build.0 = Debug|Any CPU
		{10376065-A0DF-4901-A596-7D872662A00D}.Release|Any CPU.ActiveCfg = Release|Any CPU
		{10376065-A0DF-4901-A596-7D872662A00D}.Release|Any CPU.Build.0 = Release|Any CPU
	EndGlobalSection
	GlobalSection(SolutionProperties) = preSolution
		HideSolutionNode = FALSE
	EndGlobalSection
	GlobalSection(ExtensibilityGlobals) = postSolution
		SolutionGuid = {4A4575EF-37BC-400D-BB3E-7DD00E945F61}
	EndGlobalSection
EndGlobal
